
Microsoft Visual Studio Solution File, Format Version 12.00
# Visual Studio Version 17
VisualStudioVersion = 17.8.34525.116
MinimumVisualStudioVersion = 10.0.40219.1
Project("{FAE04EC0-301F-11D3-BF4B-00C04F79EFBC}") = "TemetoKataszter.Server", "TemetoKataszter.Server\TemetoKataszter.Server.csproj", "{482EB038-CD17-409E-B761-A2DF3724E14F}"
EndProject
Project("{54A90642-561A-4BB1-A94E-469ADEE60C69}") = "temetokataszter.client", "temetokataszter.client\temetokataszter.client.esproj", "{AA2130F9-BAF7-4808-8602-829D864E20CA}"
EndProject
Global
	GlobalSection(SolutionConfigurationPlatforms) = preSolution
		Debug|Any CPU = Debug|Any CPU
		Release|Any CPU = Release|Any CPU
	EndGlobalSection
	GlobalSection(ProjectConfigurationPlatforms) = postSolution
		{482EB038-CD17-409E-B761-A2DF3724E14F}.Debug|Any CPU.ActiveCfg = Debug|Any CPU
		{482EB038-CD17-409E-B761-A2DF3724E14F}.Debug|Any CPU.Build.0 = Debug|Any CPU
		{482EB038-CD17-409E-B761-A2DF3724E14F}.Release|Any CPU.ActiveCfg = Release|Any CPU
		{482EB038-CD17-409E-B761-A2DF3724E14F}.Release|Any CPU.Build.0 = Release|Any CPU
		{AA2130F9-BAF7-4808-8602-829D864E20CA}.Debug|Any CPU.ActiveCfg = Debug|Any CPU
		{AA2130F9-BAF7-4808-8602-829D864E20CA}.Debug|Any CPU.Build.0 = Debug|Any CPU
		{AA2130F9-BAF7-4808-8602-829D864E20CA}.Debug|Any CPU.Deploy.0 = Debug|Any CPU
		{AA2130F9-BAF7-4808-8602-829D864E20CA}.Release|Any CPU.ActiveCfg = Release|Any CPU
		{AA2130F9-BAF7-4808-8602-829D864E20CA}.Release|Any CPU.Build.0 = Release|Any CPU
		{AA2130F9-BAF7-4808-8602-829D864E20CA}.Release|Any CPU.Deploy.0 = Release|Any CPU
	EndGlobalSection
	GlobalSection(SolutionProperties) = preSolution
		HideSolutionNode = FALSE
	EndGlobalSection
	GlobalSection(ExtensibilityGlobals) = postSolution
		SolutionGuid = {E7862EE9-5530-4EFC-96BA-9D6C26D8B39A}
	EndGlobalSection
EndGlobal
